
Microsoft Visual Studio Solution File, Format Version 12.00
# Visual Studio Version 17
VisualStudioVersion = 17.7.34009.444
MinimumVisualStudioVersion = 10.0.40219.1
Project("{FAE04EC0-301F-11D3-BF4B-00C04F79EFBC}") = "BreweryAPI", "BreweryAPI\BreweryAPI.csproj", "{8F1E5D0C-1E9C-4196-A44C-08233948EC10}"
EndProject
Global
	GlobalSection(SolutionConfigurationPlatforms) = preSolution
		Debug|Any CPU = Debug|Any CPU
		Release|Any CPU = Release|Any CPU
	EndGlobalSection
	GlobalSection(ProjectConfigurationPlatforms) = postSolution
		{8F1E5D0C-1E9C-4196-A44C-08233948EC10}.Debug|Any CPU.ActiveCfg = Debug|Any CPU
		{8F1E5D0C-1E9C-4196-A44C-08233948EC10}.Debug|Any CPU.Build.0 = Debug|Any CPU
		{8F1E5D0C-1E9C-4196-A44C-08233948EC10}.Release|Any CPU.ActiveCfg = Release|Any CPU
		{8F1E5D0C-1E9C-4196-A44C-08233948EC10}.Release|Any CPU.Build.0 = Release|Any CPU
	EndGlobalSection
	GlobalSection(SolutionProperties) = preSolution
		HideSolutionNode = FALSE
	EndGlobalSection
	GlobalSection(ExtensibilityGlobals) = postSolution
		SolutionGuid = {43BFAAD2-0338-4576-86DA-E27BEE15D745}
	EndGlobalSection
EndGlobal
